
Microsoft Visual Studio Solution File, Format Version 12.00
# Visual Studio Version 17
VisualStudioVersion = 17.4.33213.308
MinimumVisualStudioVersion = 10.0.40219.1
Project("{FAE04EC0-301F-11D3-BF4B-00C04F79EFBC}") = "SharkBank.API", "SharkBank.API\SharkBank.API.csproj", "{8B96D203-631D-4B0C-BDD7-A439FAF77623}"
EndProject
Global
	GlobalSection(SolutionConfigurationPlatforms) = preSolution
		Debug|Any CPU = Debug|Any CPU
		Release|Any CPU = Release|Any CPU
	EndGlobalSection
	GlobalSection(ProjectConfigurationPlatforms) = postSolution
		{8B96D203-631D-4B0C-BDD7-A439FAF77623}.Debug|Any CPU.ActiveCfg = Debug|Any CPU
		{8B96D203-631D-4B0C-BDD7-A439FAF77623}.Debug|Any CPU.Build.0 = Debug|Any CPU
		{8B96D203-631D-4B0C-BDD7-A439FAF77623}.Release|Any CPU.ActiveCfg = Release|Any CPU
		{8B96D203-631D-4B0C-BDD7-A439FAF77623}.Release|Any CPU.Build.0 = Release|Any CPU
	EndGlobalSection
	GlobalSection(SolutionProperties) = preSolution
		HideSolutionNode = FALSE
	EndGlobalSection
	GlobalSection(ExtensibilityGlobals) = postSolution
		SolutionGuid = {5737D748-9C54-4451-8959-C30BA3623DE7}
	EndGlobalSection
EndGlobal
